
Microsoft Visual Studio Solution File, Format Version 12.00
# Visual Studio 15
VisualStudioVersion = 15.0.27130.2020
MinimumVisualStudioVersion = 10.0.40219.1
Project("{FAE04EC0-301F-11D3-BF4B-00C04F79EFBC}") = "JavaScriptGrp1", "JavaScriptGrp1\JavaScriptGrp1.csproj", "{A23ACF44-AA40-4CEF-856C-89C6B018A5C5}"
EndProject
Global
	GlobalSection(SolutionConfigurationPlatforms) = preSolution
		Debug|Any CPU = Debug|Any CPU
		Release|Any CPU = Release|Any CPU
	EndGlobalSection
	GlobalSection(ProjectConfigurationPlatforms) = postSolution
		{A23ACF44-AA40-4CEF-856C-89C6B018A5C5}.Debug|Any CPU.ActiveCfg = Debug|Any CPU
		{A23ACF44-AA40-4CEF-856C-89C6B018A5C5}.Debug|Any CPU.Build.0 = Debug|Any CPU
		{A23ACF44-AA40-4CEF-856C-89C6B018A5C5}.Release|Any CPU.ActiveCfg = Release|Any CPU
		{A23ACF44-AA40-4CEF-856C-89C6B018A5C5}.Release|Any CPU.Build.0 = Release|Any CPU
	EndGlobalSection
	GlobalSection(SolutionProperties) = preSolution
		HideSolutionNode = FALSE
	EndGlobalSection
	GlobalSection(ExtensibilityGlobals) = postSolution
		SolutionGuid = {FE897CDF-14F8-4C01-BAF3-A5E2F40B8D8A}
	EndGlobalSection
EndGlobal
